
Microsoft Visual Studio Solution File, Format Version 12.00
# Visual Studio Version 17
VisualStudioVersion = 17.14.36221.1 d17.14
MinimumVisualStudioVersion = 10.0.40219.1
Project("{FAE04EC0-301F-11D3-BF4B-00C04F79EFBC}") = "MyApp", "MyApp\MyApp.csproj", "{BFD7BFB7-6D03-4794-ACB9-EA7643BFA251}"
EndProject
Global
	GlobalSection(SolutionConfigurationPlatforms) = preSolution
		Debug|Any CPU = Debug|Any CPU
		Release|Any CPU = Release|Any CPU
	EndGlobalSection
	GlobalSection(ProjectConfigurationPlatforms) = postSolution
		{BFD7BFB7-6D03-4794-ACB9-EA7643BFA251}.Debug|Any CPU.ActiveCfg = Debug|Any CPU
		{BFD7BFB7-6D03-4794-ACB9-EA7643BFA251}.Debug|Any CPU.Build.0 = Debug|Any CPU
		{BFD7BFB7-6D03-4794-ACB9-EA7643BFA251}.Release|Any CPU.ActiveCfg = Release|Any CPU
		{BFD7BFB7-6D03-4794-ACB9-EA7643BFA251}.Release|Any CPU.Build.0 = Release|Any CPU
	EndGlobalSection
	GlobalSection(SolutionProperties) = preSolution
		HideSolutionNode = FALSE
	EndGlobalSection
	GlobalSection(ExtensibilityGlobals) = postSolution
		SolutionGuid = {3BFADAE3-6870-4989-86ED-911C834941EF}
	EndGlobalSection
EndGlobal
